{
  "name": "@swayam29082004/chat-sdk",
  "version": "1.0.8",
  "lockfileVersion": 3,
  "requires": true,
  "packages": {
    "": {
      "name": "@swayam29082004/chat-sdk",
      "version": "1.0.8",
      "dependencies": {
        "@swayam29082004/chat-sdk": "^1.0.4"
      },
      "peerDependencies": {
        "react": ">=18.2.0 <20",
        "react-dom": ">=18.2.0 <20"
      }
    },
    "node_modules/@swayam29082004/chat-sdk": {
      "version": "1.0.4",
      "resolved": "https://registry.npmjs.org/@swayam29082004/chat-sdk/-/chat-sdk-1.0.4.tgz",
      "integrity": "sha512-IGos6R+v98SfJ5SIB4ILsJI0IRT2+1OqSOD+DG7QC6Pv7iBK1VSXEd9JMg2Af9b3Qdvz19ITgQG1HUp+L5vvUA==",
      "peerDependencies": {
        "react": "^18.2.0",
        "react-dom": "^18.2.0"
      }
    }
  }
}
